{
  "name": "cryptoscoffee",
  "version": "1.0.0-beta.0",
  "lockfileVersion": 1,
  "requires": true,
  "dependencies": {
    "content-type": {
      "version": "1.0.4",
      "resolved": "https://registry.npmjs.org/content-type/-/content-type-1.0.4.tgz",
      "integrity": "sha512-hIP3EEPs8tB9AT1L+NUqtwOAps4mk2Zob89MWXMHjHWg9milF/j4osnnQLXBCBFBk/tvIG/tUc9mOUJiPBhPXA==",
      "dev": true
    },
    "should-http": {
      "version": "0.1.1",
      "resolved": "https://registry.npmjs.org/should-http/-/should-http-0.1.1.tgz",
      "integrity": "sha1-m3k4Q/QCSIV4HrarrMQDDh6fIfA=",
      "dev": true,
      "requires": {
        "content-type": "1.0.4"
      }
    }
  }
}
